github.com/davecgh/go-spew v1.1.2-0.20180830191138-d8f796af33cc h1:U9qPSI2PIWSS1VwoXQT9A3Wy9MM3WgvqSxFWenqJduM=
github.com/davecgh/go-spew v1.1.2-0.20180830191138-d8f796af33cc/go.mod h1:J7Y8YcW2NihsgmVo/mv3lAwl/skON4iLHjSsI+c5H38=
github.com/go-faster/errors v0.7.1 h1:MkJTnDoEdi9pDabt1dpWf7AA8/BaSYZqibYyhZ20AYg=
github.com/go-faster/errors v0.7.1/go.mod h1:5ySTjWFiphBs07IKuiL69nxdfd5+fzh1u7FPGZP2quo=
github.com/go-faster/jx v1.2.0 h1:T2YHJPrFaYu21fJtUxC9GzmluKu8rVIFDwwGBKTDseI=
github.com/go-faster/jx v1.2.0/go.mod h1:UWLOVDmMG597a5tBFPLIWJdUxz5/2emOpfsj9Neg0PE=
github.com/go-faster/yaml v0.4.6 h1:lOK/EhI04gCpPgPhgt0bChS6bvw7G3WwI8xxVe0sw9I=
github.com/go-faster/yaml v0.4.6/go.mod h1:390dRIvV4zbnO7qC9FGo6YYutc+wyyUSHBgbXL52eXk=
github.com/larsartmann/go-branded-id v0.3.1 h1:n53Vz3MCUy3S8YfW/v+zxL/qT96iiXZOT6p46HZysyA=
github.com/larsartmann/go-branded-id v0.3.1/go.mod h1:fiv3t1PyNCITnE/8KtymGCUz7tQRuQxF+8oqNdFmA/Y=
github.com/larsartmann/go-output v0.11.0 h1:DpwILjccCPAmLFoZ8zoh3W2pVFgDOSdOb8k3+QYbK9s=
github.com/larsartmann/go-output v0.11.0/go.mod h1:nDXLNYN796FgH2bIQS0CgzfUaKzcczyaaEsmIzLzfds=
github.com/larsartmann/go-output/delimited v0.11.0 h1:18UijSClF9INucFuYn+3oFVD5CA0NGCcr/7z+A8Whi4=
github.com/larsartmann/go-output/delimited v0.11.0/go.mod h1:I07JLGCiEkytr/lNppqVy7f+916XSCqTbEorOn4jeBM=
github.com/larsartmann/go-output/enum v0.11.0 h1:IrBD0p0/H4nuI0RMcczXH/5clSTCvjcr829Wm10NWwM=
github.com/larsartmann/go-output/enum v0.11.0/go.mod h1:pNUDybeebo7Lto/hU/rE6901JshdXdzaoMO185Z4hG8=
github.com/larsartmann/go-output/serialization v0.11.0 h1:572AvnxtEpln4Ef3wup6yE7YmceEIVuRvqHGi8e4nsY=
github.com/larsartmann/go-output/serialization v0.11.0/go.mod h1:amWQQr3Fg2YJ4xKjF7nLRmn5MvZJLZIM9D822kFvg2s=
github.com/larsartmann/go-output/testhelpers v0.11.0 h1:1Z7wWGzl6UKXfVd8k7V4ubyvxPbWpa0z4EmuwkQ1JKo=
github.com/larsartmann/go-output/testhelpers v0.11.0/go.mod h1:HXirIrpJiVpIJ1CaI9MbmOUP26eC4JKApaFqAAe5+s8=
github.com/larsartmann/go-output/testhelpers/graphtest v0.6.3 h1:gJDnyo5Qos9VQsLsuH/9kQu/8+T0/F/ExLZ3X+/ueRI=
github.com/larsartmann/go-output/testhelpers/graphtest v0.6.3/go.mod h1:u7b3tZo4D63Wt1mtMuvKOO9LLRk4H7kBe5htBK9kSDA=
github.com/odvcencio/gotreesitter v0.20.2 h1:oWxGgy0WzLJKeiZB8EFzXDDlHYG/hqiZmWrW+81uwy4=
github.com/odvcencio/gotreesitter v0.20.2/go.mod h1:hBVkghd0paaYAVwd2087vfwdeU984bQbMo9LvpE0moo=
github.com/pelletier/go-toml/v2 v2.4.0 h1:Mwu0mAkUKbittDs3/ADDWXqMmq3EOK2VHiuCkV00Row=
github.com/pelletier/go-toml/v2 v2.4.0/go.mod h1:2gIqNv+qfxSVS7cM2xJQKtLSTLUE9V8t9Stt+h56mCY=
github.com/pmezard/go-difflib v1.0.1-0.20181226105442-5d4384ee4fb2 h1:Jamvg5psRIccs7FGNTlIRMkT8wgtp5eCXdBlqhYGL6U=
github.com/pmezard/go-difflib v1.0.1-0.20181226105442-5d4384ee4fb2/go.mod h1:iKH77koFhYxTK1pcRnkKkqfTogsbg7gZNVY4sRDYZ/4=
github.com/segmentio/asm v1.2.1 h1:DTNbBqs57ioxAD4PrArqftgypG4/qNpXoJx8TVXxPR0=
github.com/segmentio/asm v1.2.1/go.mod h1:BqMnlJP91P8d+4ibuonYZw9mfnzI9HfxselHZr5aAcs=
github.com/stretchr/testify v1.11.1 h1:7s2iGBzp5EwR7/aIZr8ao5+dra3wiQyKjjFuvgVKu7U=
github.com/stretchr/testify v1.11.1/go.mod h1:wZwfW3scLgRK+23gO65QZefKpKQRnfz6sD981Nm4B6U=
go.uber.org/multierr v1.11.0 h1:blXXJkSxSSfBVBlC76pxqeO+LN3aDfLQo+309xJstO0=
go.uber.org/multierr v1.11.0/go.mod h1:20+QtiLqy0Nd6FdQB9TLXag12DsQkrbs3htMFfDN80Y=
golang.org/x/exp v0.0.0-20260611194520-c48552f49976 h1:X8Hz2ImujgbmetVuW+w2YkyZChE3cBpZi2P158rTG9M=
golang.org/x/exp v0.0.0-20260611194520-c48552f49976/go.mod h1:vnf4pv9iKZXY58sQE1L86zmNWJ4159e1RkcWiLCkeEY=
golang.org/x/sys v0.46.0 h1:noSf2Fq6F8DBgS+LysIkx7rIExoNHJsxOAtPp4rthXw=
golang.org/x/sys v0.46.0/go.mod h1:4GL1E5IUh+htKOUEOaiffhrAeqysfVGipDYzABqnCmw=
golang.org/x/term v0.44.0 h1:0rLvDRCtNj0gZkyIXhCyOb2OAzEhLVqc4B+hrsBhrmc=
golang.org/x/term v0.44.0/go.mod h1:7ze4MdzUzLXpSAoFP1H0bOI9aXDqveSvatT5vKcFh2Y=
gopkg.in/yaml.v3 v3.0.1 h1:fxVm/GzAzEWqLHuvctI91KS9hhNmmWOoWu0XTYJS7CA=
gopkg.in/yaml.v3 v3.0.1/go.mod h1:K4uyk7z7BCEPqu6E+C64Yfv1cQ7kz7rIZviUmN+EgEM=
