github.com/go-faster/errors v0.7.1 h1:MkJTnDoEdi9pDabt1dpWf7AA8/BaSYZqibYyhZ20AYg=
github.com/go-faster/errors v0.7.1/go.mod h1:5ySTjWFiphBs07IKuiL69nxdfd5+fzh1u7FPGZP2quo=
github.com/go-faster/jx v1.2.0 h1:T2YHJPrFaYu21fJtUxC9GzmluKu8rVIFDwwGBKTDseI=
github.com/go-faster/jx v1.2.0/go.mod h1:UWLOVDmMG597a5tBFPLIWJdUxz5/2emOpfsj9Neg0PE=
github.com/go-faster/yaml v0.4.6 h1:lOK/EhI04gCpPgPhgt0bChS6bvw7G3WwI8xxVe0sw9I=
github.com/go-faster/yaml v0.4.6/go.mod h1:390dRIvV4zbnO7qC9FGo6YYutc+wyyUSHBgbXL52eXk=
github.com/larsartmann/go-branded-id v0.3.1 h1:n53Vz3MCUy3S8YfW/v+zxL/qT96iiXZOT6p46HZysyA=
github.com/larsartmann/go-branded-id v0.3.1/go.mod h1:fiv3t1PyNCITnE/8KtymGCUz7tQRuQxF+8oqNdFmA/Y=
github.com/larsartmann/go-output v0.17.0 h1:XuIh0MVeBb3TidWHDi9GHfB8t0QT3vfi/W21C9W/crU=
github.com/larsartmann/go-output v0.17.0/go.mod h1:CeBVdYrTzQk1DYzsivdyA/X8G/uYLvG+pWcGgODV4BI=
github.com/larsartmann/go-output/delimited v0.17.0 h1:NIYvSTshiPn4mBYFUUVWcoJfM2XG/tshtDLgd9N6xVo=
github.com/larsartmann/go-output/delimited v0.17.0/go.mod h1:DJn3OUzJUzoys46Q0vCQ2BrPrADUf7DHA2mV9yJsgoY=
github.com/larsartmann/go-output/enum v0.17.0 h1:GGc9XfWBlGClypfm7Hgk9+aQzQMFY+PuYmi6PS4gdis=
github.com/larsartmann/go-output/enum v0.17.0/go.mod h1:IqgDUFUfvMt8uIho9J2LCMam6df/jqPo+UkT4hdXg+E=
github.com/larsartmann/go-output/envdetect v0.17.0 h1:VWCuhvY4UIwQIbodc4IucW78mNxbd/r+RNS+UGM2lbI=
github.com/larsartmann/go-output/envdetect v0.17.0/go.mod h1:ZdM/TuI2ysu6WrecoVMs4c73lypeyHdjTOAwxjgukII=
github.com/larsartmann/go-output/serialization v0.17.0 h1:eLPS6/Aym7jmph35xSAYDWvNDRq6qMHBC6Kw/9XKWeA=
github.com/larsartmann/go-output/serialization v0.17.0/go.mod h1:iuDQPi+0XzQu27NjPhAuhJSHO3PEFVvKpBirllQtjVI=
github.com/odvcencio/gotreesitter v0.20.2 h1:oWxGgy0WzLJKeiZB8EFzXDDlHYG/hqiZmWrW+81uwy4=
github.com/odvcencio/gotreesitter v0.20.2/go.mod h1:hBVkghd0paaYAVwd2087vfwdeU984bQbMo9LvpE0moo=
github.com/pelletier/go-toml/v2 v2.4.0 h1:Mwu0mAkUKbittDs3/ADDWXqMmq3EOK2VHiuCkV00Row=
github.com/pelletier/go-toml/v2 v2.4.0/go.mod h1:2gIqNv+qfxSVS7cM2xJQKtLSTLUE9V8t9Stt+h56mCY=
github.com/segmentio/asm v1.2.1 h1:DTNbBqs57ioxAD4PrArqftgypG4/qNpXoJx8TVXxPR0=
github.com/segmentio/asm v1.2.1/go.mod h1:BqMnlJP91P8d+4ibuonYZw9mfnzI9HfxselHZr5aAcs=
go.uber.org/multierr v1.11.0 h1:blXXJkSxSSfBVBlC76pxqeO+LN3aDfLQo+309xJstO0=
go.uber.org/multierr v1.11.0/go.mod h1:20+QtiLqy0Nd6FdQB9TLXag12DsQkrbs3htMFfDN80Y=
golang.org/x/sys v0.46.0 h1:noSf2Fq6F8DBgS+LysIkx7rIExoNHJsxOAtPp4rthXw=
golang.org/x/sys v0.46.0/go.mod h1:4GL1E5IUh+htKOUEOaiffhrAeqysfVGipDYzABqnCmw=
golang.org/x/term v0.44.0 h1:0rLvDRCtNj0gZkyIXhCyOb2OAzEhLVqc4B+hrsBhrmc=
golang.org/x/term v0.44.0/go.mod h1:7ze4MdzUzLXpSAoFP1H0bOI9aXDqveSvatT5vKcFh2Y=
